// !$*UTF8*$!
{
	archiveVersion = 1;
	classes = {
	};
	objectVersion = 56;
	objects = {

/* Begin PBXBuildFile section */
		D2077CE32CFAD4E10049152A /* WishPromtNavigationLeftView.swift in Sources */ = {isa = PBXBuildFile; fileRef = D2077CE22CFAD4E10049152A /* WishPromtNavigationLeftView.swift */; };
		D2077CE62CFC15460049152A /* WishMessageComponentsTableViewCell.swift in Sources */ = {isa = PBXBuildFile; fileRef = D2077CE52CFC15460049152A /* WishMessageComponentsTableViewCell.swift */; };
		D2077CE82CFC1D090049152A /* WishMessageIdeaDisplayTableViewCell.swift in Sources */ = {isa = PBXBuildFile; fileRef = D2077CE72CFC1D090049152A /* WishMessageIdeaDisplayTableViewCell.swift */; };
		D2077CEA2CFC59810049152A /* WishMessageLiteraryTypeTableViewCell.swift in Sources */ = {isa = PBXBuildFile; fileRef = D2077CE92CFC59810049152A /* WishMessageLiteraryTypeTableViewCell.swift */; };
		D2077CEC2CFC5C670049152A /* LiteraryTypeSegmentControl.swift in Sources */ = {isa = PBXBuildFile; fileRef = D2077CEB2CFC5C670049152A /* LiteraryTypeSegmentControl.swift */; };
		D2077CEE2CFC9E460049152A /* WishMessageCreationTableViewCell.swift in Sources */ = {isa = PBXBuildFile; fileRef = D2077CED2CFC9E460049152A /* WishMessageCreationTableViewCell.swift */; };
		D2077CF22CFCBCEF0049152A /* IdeaSampleView.swift in Sources */ = {isa = PBXBuildFile; fileRef = D2077CF12CFCBCEF0049152A /* IdeaSampleView.swift */; };
		D2077CF62CFCBEBF0049152A /* IdeaDisplayView.swift in Sources */ = {isa = PBXBuildFile; fileRef = D2077CF52CFCBEBF0049152A /* IdeaDisplayView.swift */; };
		D27E9BCD2CFABB1800B621F5 /* AppDelegate.swift in Sources */ = {isa = PBXBuildFile; fileRef = D27E9BCC2CFABB1800B621F5 /* AppDelegate.swift */; };
		D27E9BCF2CFABB1800B621F5 /* SceneDelegate.swift in Sources */ = {isa = PBXBuildFile; fileRef = D27E9BCE2CFABB1800B621F5 /* SceneDelegate.swift */; };
		D27E9BD12CFABB1800B621F5 /* HomeViewController.swift in Sources */ = {isa = PBXBuildFile; fileRef = D27E9BD02CFABB1800B621F5 /* HomeViewController.swift */; };
		D27E9BD42CFABB1800B621F5 /* Main.storyboard in Resources */ = {isa = PBXBuildFile; fileRef = D27E9BD22CFABB1800B621F5 /* Main.storyboard */; };
		D27E9BD62CFABB1900B621F5 /* Assets.xcassets in Resources */ = {isa = PBXBuildFile; fileRef = D27E9BD52CFABB1900B621F5 /* Assets.xcassets */; };
		D27E9BD92CFABB1900B621F5 /* LaunchScreen.storyboard in Resources */ = {isa = PBXBuildFile; fileRef = D27E9BD72CFABB1900B621F5 /* LaunchScreen.storyboard */; };
		D27E9BE22CFABBC000B621F5 /* RxBlocking in Frameworks */ = {isa = PBXBuildFile; productRef = D27E9BE12CFABBC000B621F5 /* RxBlocking */; };
		D27E9BE42CFABBC000B621F5 /* RxBlocking-Dynamic in Frameworks */ = {isa = PBXBuildFile; productRef = D27E9BE32CFABBC000B621F5 /* RxBlocking-Dynamic */; };
		D27E9BE62CFABBC000B621F5 /* RxCocoa in Frameworks */ = {isa = PBXBuildFile; productRef = D27E9BE52CFABBC000B621F5 /* RxCocoa */; };
		D27E9BE82CFABBC000B621F5 /* RxCocoa-Dynamic in Frameworks */ = {isa = PBXBuildFile; productRef = D27E9BE72CFABBC000B621F5 /* RxCocoa-Dynamic */; };
		D27E9BEA2CFABBC000B621F5 /* RxRelay in Frameworks */ = {isa = PBXBuildFile; productRef = D27E9BE92CFABBC000B621F5 /* RxRelay */; };
		D27E9BEC2CFABBC000B621F5 /* RxRelay-Dynamic in Frameworks */ = {isa = PBXBuildFile; productRef = D27E9BEB2CFABBC000B621F5 /* RxRelay-Dynamic */; };
		D27E9BEE2CFABBC000B621F5 /* RxSwift in Frameworks */ = {isa = PBXBuildFile; productRef = D27E9BED2CFABBC000B621F5 /* RxSwift */; };
		D27E9BF02CFABBC000B621F5 /* RxSwift-Dynamic in Frameworks */ = {isa = PBXBuildFile; productRef = D27E9BEF2CFABBC000B621F5 /* RxSwift-Dynamic */; };
		D27E9BFD2CFABE1400B621F5 /* Scene.swift in Sources */ = {isa = PBXBuildFile; fileRef = D27E9BFC2CFABE1400B621F5 /* Scene.swift */; };
		D27E9BFF2CFABE3400B621F5 /* WishPromtViewModel.swift in Sources */ = {isa = PBXBuildFile; fileRef = D27E9BFE2CFABE3400B621F5 /* WishPromtViewModel.swift */; };
		D27E9C012CFABE9000B621F5 /* SceneTransitionType.swift in Sources */ = {isa = PBXBuildFile; fileRef = D27E9C002CFABE9000B621F5 /* SceneTransitionType.swift */; };
		D27E9C032CFABEB800B621F5 /* SceneCoordinatorType.swift in Sources */ = {isa = PBXBuildFile; fileRef = D27E9C022CFABEB800B621F5 /* SceneCoordinatorType.swift */; };
		D27E9C052CFABEF300B621F5 /* SceneCoordinator.swift in Sources */ = {isa = PBXBuildFile; fileRef = D27E9C042CFABEF300B621F5 /* SceneCoordinator.swift */; };
		D27E9C072CFABF1C00B621F5 /* Scene+ViewController.swift in Sources */ = {isa = PBXBuildFile; fileRef = D27E9C062CFABF1C00B621F5 /* Scene+ViewController.swift */; };
		D27E9C092CFABF6400B621F5 /* WishPromptViewController.swift in Sources */ = {isa = PBXBuildFile; fileRef = D27E9C082CFABF6400B621F5 /* WishPromptViewController.swift */; };
		D27E9C0B2CFABF7A00B621F5 /* BindableType.swift in Sources */ = {isa = PBXBuildFile; fileRef = D27E9C0A2CFABF7A00B621F5 /* BindableType.swift */; };
		D27E9C0D2CFAC0F500B621F5 /* HomeViewModel.swift in Sources */ = {isa = PBXBuildFile; fileRef = D27E9C0C2CFAC0F500B621F5 /* HomeViewModel.swift */; };
		D27E9C0F2CFAC1B300B621F5 /* ReusableView.swift in Sources */ = {isa = PBXBuildFile; fileRef = D27E9C0E2CFAC1B300B621F5 /* ReusableView.swift */; };
/* End PBXBuildFile section */

/* Begin PBXFileReference section */
		D2077CE22CFAD4E10049152A /* WishPromtNavigationLeftView.swift */ = {isa = PBXFileReference; lastKnownFileType = sourcecode.swift; path = WishPromtNavigationLeftView.swift; sourceTree = "<group>"; };
		D2077CE52CFC15460049152A /* WishMessageComponentsTableViewCell.swift */ = {isa = PBXFileReference; lastKnownFileType = sourcecode.swift; path = WishMessageComponentsTableViewCell.swift; sourceTree = "<group>"; };
		D2077CE72CFC1D090049152A /* WishMessageIdeaDisplayTableViewCell.swift */ = {isa = PBXFileReference; lastKnownFileType = sourcecode.swift; path = WishMessageIdeaDisplayTableViewCell.swift; sourceTree = "<group>"; };
		D2077CE92CFC59810049152A /* WishMessageLiteraryTypeTableViewCell.swift */ = {isa = PBXFileReference; lastKnownFileType = sourcecode.swift; path = WishMessageLiteraryTypeTableViewCell.swift; sourceTree = "<group>"; };
		D2077CEB2CFC5C670049152A /* LiteraryTypeSegmentControl.swift */ = {isa = PBXFileReference; lastKnownFileType = sourcecode.swift; path = LiteraryTypeSegmentControl.swift; sourceTree = "<group>"; };
		D2077CED2CFC9E460049152A /* WishMessageCreationTableViewCell.swift */ = {isa = PBXFileReference; lastKnownFileType = sourcecode.swift; path = WishMessageCreationTableViewCell.swift; sourceTree = "<group>"; };
		D2077CF12CFCBCEF0049152A /* IdeaSampleView.swift */ = {isa = PBXFileReference; lastKnownFileType = sourcecode.swift; path = IdeaSampleView.swift; sourceTree = "<group>"; };
		D2077CF52CFCBEBF0049152A /* IdeaDisplayView.swift */ = {isa = PBXFileReference; lastKnownFileType = sourcecode.swift; path = IdeaDisplayView.swift; sourceTree = "<group>"; };
		D27E9BC92CFABB1800B621F5 /* lixi_2025.app */ = {isa = PBXFileReference; explicitFileType = wrapper.application; includeInIndex = 0; path = lixi_2025.app; sourceTree = BUILT_PRODUCTS_DIR; };
		D27E9BCC2CFABB1800B621F5 /* AppDelegate.swift */ = {isa = PBXFileReference; lastKnownFileType = sourcecode.swift; path = AppDelegate.swift; sourceTree = "<group>"; };
		D27E9BCE2CFABB1800B621F5 /* SceneDelegate.swift */ = {isa = PBXFileReference; lastKnownFileType = sourcecode.swift; path = SceneDelegate.swift; sourceTree = "<group>"; };
		D27E9BD02CFABB1800B621F5 /* HomeViewController.swift */ = {isa = PBXFileReference; lastKnownFileType = sourcecode.swift; path = HomeViewController.swift; sourceTree = "<group>"; };
		D27E9BD32CFABB1800B621F5 /* Base */ = {isa = PBXFileReference; lastKnownFileType = file.storyboard; name = Base; path = Base.lproj/Main.storyboard; sourceTree = "<group>"; };
		D27E9BD52CFABB1900B621F5 /* Assets.xcassets */ = {isa = PBXFileReference; lastKnownFileType = folder.assetcatalog; path = Assets.xcassets; sourceTree = "<group>"; };
		D27E9BD82CFABB1900B621F5 /* Base */ = {isa = PBXFileReference; lastKnownFileType = file.storyboard; name = Base; path = Base.lproj/LaunchScreen.storyboard; sourceTree = "<group>"; };
		D27E9BDA2CFABB1900B621F5 /* Info.plist */ = {isa = PBXFileReference; lastKnownFileType = text.plist.xml; path = Info.plist; sourceTree = "<group>"; };
		D27E9BFC2CFABE1400B621F5 /* Scene.swift */ = {isa = PBXFileReference; lastKnownFileType = sourcecode.swift; path = Scene.swift; sourceTree = "<group>"; };
		D27E9BFE2CFABE3400B621F5 /* WishPromtViewModel.swift */ = {isa = PBXFileReference; lastKnownFileType = sourcecode.swift; path = WishPromtViewModel.swift; sourceTree = "<group>"; };
		D27E9C002CFABE9000B621F5 /* SceneTransitionType.swift */ = {isa = PBXFileReference; lastKnownFileType = sourcecode.swift; path = SceneTransitionType.swift; sourceTree = "<group>"; };
		D27E9C022CFABEB800B621F5 /* SceneCoordinatorType.swift */ = {isa = PBXFileReference; lastKnownFileType = sourcecode.swift; path = SceneCoordinatorType.swift; sourceTree = "<group>"; };
		D27E9C042CFABEF300B621F5 /* SceneCoordinator.swift */ = {isa = PBXFileReference; lastKnownFileType = sourcecode.swift; path = SceneCoordinator.swift; sourceTree = "<group>"; };
		D27E9C062CFABF1C00B621F5 /* Scene+ViewController.swift */ = {isa = PBXFileReference; lastKnownFileType = sourcecode.swift; path = "Scene+ViewController.swift"; sourceTree = "<group>"; };
		D27E9C082CFABF6400B621F5 /* WishPromptViewController.swift */ = {isa = PBXFileReference; lastKnownFileType = sourcecode.swift; path = WishPromptViewController.swift; sourceTree = "<group>"; };
		D27E9C0A2CFABF7A00B621F5 /* BindableType.swift */ = {isa = PBXFileReference; lastKnownFileType = sourcecode.swift; path = BindableType.swift; sourceTree = "<group>"; };
		D27E9C0C2CFAC0F500B621F5 /* HomeViewModel.swift */ = {isa = PBXFileReference; lastKnownFileType = sourcecode.swift; path = HomeViewModel.swift; sourceTree = "<group>"; };
		D27E9C0E2CFAC1B300B621F5 /* ReusableView.swift */ = {isa = PBXFileReference; lastKnownFileType = sourcecode.swift; path = ReusableView.swift; sourceTree = "<group>"; };
/* End PBXFileReference section */

/* Begin PBXFrameworksBuildPhase section */
		D27E9BC62CFABB1800B621F5 /* Frameworks */ = {
			isa = PBXFrameworksBuildPhase;
			buildActionMask = 2147483647;
			files = (
				D27E9BF02CFABBC000B621F5 /* RxSwift-Dynamic in Frameworks */,
				D27E9BEA2CFABBC000B621F5 /* RxRelay in Frameworks */,
				D27E9BE82CFABBC000B621F5 /* RxCocoa-Dynamic in Frameworks */,
				D27E9BEC2CFABBC000B621F5 /* RxRelay-Dynamic in Frameworks */,
				D27E9BE62CFABBC000B621F5 /* RxCocoa in Frameworks */,
				D27E9BE22CFABBC000B621F5 /* RxBlocking in Frameworks */,
				D27E9BE42CFABBC000B621F5 /* RxBlocking-Dynamic in Frameworks */,
				D27E9BEE2CFABBC000B621F5 /* RxSwift in Frameworks */,
			);
			runOnlyForDeploymentPostprocessing = 0;
		};
/* End PBXFrameworksBuildPhase section */

/* Begin PBXGroup section */
		D2077CE12CFAD4A40049152A /* WishPromt */ = {
			isa = PBXGroup;
			children = (
				D2077CE42CFC13990049152A /* Cells */,
				D27E9C082CFABF6400B621F5 /* WishPromptViewController.swift */,
				D2077CE22CFAD4E10049152A /* WishPromtNavigationLeftView.swift */,
			);
			path = WishPromt;
			sourceTree = "<group>";
		};
		D2077CE42CFC13990049152A /* Cells */ = {
			isa = PBXGroup;
			children = (
				D2077CF42CFCBE860049152A /* Literary */,
				D2077CF32CFCBE770049152A /* IdeaDisplay */,
				D2077CE52CFC15460049152A /* WishMessageComponentsTableViewCell.swift */,
				D2077CED2CFC9E460049152A /* WishMessageCreationTableViewCell.swift */,
			);
			path = Cells;
			sourceTree = "<group>";
		};
		D2077CF32CFCBE770049152A /* IdeaDisplay */ = {
			isa = PBXGroup;
			children = (
				D2077CE72CFC1D090049152A /* WishMessageIdeaDisplayTableViewCell.swift */,
				D2077CF12CFCBCEF0049152A /* IdeaSampleView.swift */,
				D2077CF52CFCBEBF0049152A /* IdeaDisplayView.swift */,
			);
			path = IdeaDisplay;
			sourceTree = "<group>";
		};
		D2077CF42CFCBE860049152A /* Literary */ = {
			isa = PBXGroup;
			children = (
				D2077CE92CFC59810049152A /* WishMessageLiteraryTypeTableViewCell.swift */,
				D2077CEB2CFC5C670049152A /* LiteraryTypeSegmentControl.swift */,
			);
			path = Literary;
			sourceTree = "<group>";
		};
		D27E9BC02CFABB1800B621F5 = {
			isa = PBXGroup;
			children = (
				D27E9BCB2CFABB1800B621F5 /* lixi_2025 */,
				D27E9BCA2CFABB1800B621F5 /* Products */,
			);
			sourceTree = "<group>";
		};
		D27E9BCA2CFABB1800B621F5 /* Products */ = {
			isa = PBXGroup;
			children = (
				D27E9BC92CFABB1800B621F5 /* lixi_2025.app */,
			);
			name = Products;
			sourceTree = "<group>";
		};
		D27E9BCB2CFABB1800B621F5 /* lixi_2025 */ = {
			isa = PBXGroup;
			children = (
				D27E9BFB2CFABCFF00B621F5 /* Scene */,
				D27E9BFA2CFABCCD00B621F5 /* Extensions */,
				D27E9BF92CFABCB700B621F5 /* View */,
				D27E9BF82CFABCB100B621F5 /* ViewModel */,
				D27E9BF72CFABCAB00B621F5 /* Model */,
				D27E9BCC2CFABB1800B621F5 /* AppDelegate.swift */,
				D27E9BCE2CFABB1800B621F5 /* SceneDelegate.swift */,
				D27E9BD22CFABB1800B621F5 /* Main.storyboard */,
				D27E9BD52CFABB1900B621F5 /* Assets.xcassets */,
				D27E9BD72CFABB1900B621F5 /* LaunchScreen.storyboard */,
				D27E9BDA2CFABB1900B621F5 /* Info.plist */,
			);
			path = lixi_2025;
			sourceTree = "<group>";
		};
		D27E9BF72CFABCAB00B621F5 /* Model */ = {
			isa = PBXGroup;
			children = (
				D27E9C0A2CFABF7A00B621F5 /* BindableType.swift */,
			);
			path = Model;
			sourceTree = "<group>";
		};
		D27E9BF82CFABCB100B621F5 /* ViewModel */ = {
			isa = PBXGroup;
			children = (
				D27E9BFE2CFABE3400B621F5 /* WishPromtViewModel.swift */,
				D27E9C0C2CFAC0F500B621F5 /* HomeViewModel.swift */,
			);
			path = ViewModel;
			sourceTree = "<group>";
		};
		D27E9BF92CFABCB700B621F5 /* View */ = {
			isa = PBXGroup;
			children = (
				D2077CE12CFAD4A40049152A /* WishPromt */,
				D27E9BD02CFABB1800B621F5 /* HomeViewController.swift */,
			);
			path = View;
			sourceTree = "<group>";
		};
		D27E9BFA2CFABCCD00B621F5 /* Extensions */ = {
			isa = PBXGroup;
			children = (
				D27E9C0E2CFAC1B300B621F5 /* ReusableView.swift */,
			);
			path = Extensions;
			sourceTree = "<group>";
		};
		D27E9BFB2CFABCFF00B621F5 /* Scene */ = {
			isa = PBXGroup;
			children = (
				D27E9BFC2CFABE1400B621F5 /* Scene.swift */,
				D27E9C002CFABE9000B621F5 /* SceneTransitionType.swift */,
				D27E9C022CFABEB800B621F5 /* SceneCoordinatorType.swift */,
				D27E9C042CFABEF300B621F5 /* SceneCoordinator.swift */,
				D27E9C062CFABF1C00B621F5 /* Scene+ViewController.swift */,
			);
			path = Scene;
			sourceTree = "<group>";
		};
/* End PBXGroup section */

/* Begin PBXNativeTarget section */
		D27E9BC82CFABB1800B621F5 /* lixi_2025 */ = {
			isa = PBXNativeTarget;
			buildConfigurationList = D27E9BDD2CFABB1900B621F5 /* Build configuration list for PBXNativeTarget "lixi_2025" */;
			buildPhases = (
				D27E9BC52CFABB1800B621F5 /* Sources */,
				D27E9BC62CFABB1800B621F5 /* Frameworks */,
				D27E9BC72CFABB1800B621F5 /* Resources */,
			);
			buildRules = (
			);
			dependencies = (
			);
			name = lixi_2025;
			packageProductDependencies = (
				D27E9BE12CFABBC000B621F5 /* RxBlocking */,
				D27E9BE32CFABBC000B621F5 /* RxBlocking-Dynamic */,
				D27E9BE52CFABBC000B621F5 /* RxCocoa */,
				D27E9BE72CFABBC000B621F5 /* RxCocoa-Dynamic */,
				D27E9BE92CFABBC000B621F5 /* RxRelay */,
				D27E9BEB2CFABBC000B621F5 /* RxRelay-Dynamic */,
				D27E9BED2CFABBC000B621F5 /* RxSwift */,
				D27E9BEF2CFABBC000B621F5 /* RxSwift-Dynamic */,
			);
			productName = lixi_2025;
			productReference = D27E9BC92CFABB1800B621F5 /* lixi_2025.app */;
			productType = "com.apple.product-type.application";
		};
/* End PBXNativeTarget section */

/* Begin PBXProject section */
		D27E9BC12CFABB1800B621F5 /* Project object */ = {
			isa = PBXProject;
			attributes = {
				BuildIndependentTargetsInParallel = 1;
				LastSwiftUpdateCheck = 1520;
				LastUpgradeCheck = 1520;
				TargetAttributes = {
					D27E9BC82CFABB1800B621F5 = {
						CreatedOnToolsVersion = 15.2;
					};
				};
			};
			buildConfigurationList = D27E9BC42CFABB1800B621F5 /* Build configuration list for PBXProject "lixi_2025" */;
			compatibilityVersion = "Xcode 14.0";
			developmentRegion = en;
			hasScannedForEncodings = 0;
			knownRegions = (
				en,
				Base,
			);
			mainGroup = D27E9BC02CFABB1800B621F5;
			packageReferences = (
				D27E9BE02CFABBC000B621F5 /* XCRemoteSwiftPackageReference "RxSwift" */,
			);
			productRefGroup = D27E9BCA2CFABB1800B621F5 /* Products */;
			projectDirPath = "";
			projectRoot = "";
			targets = (
				D27E9BC82CFABB1800B621F5 /* lixi_2025 */,
			);
		};
/* End PBXProject section */

/* Begin PBXResourcesBuildPhase section */
		D27E9BC72CFABB1800B621F5 /* Resources */ = {
			isa = PBXResourcesBuildPhase;
			buildActionMask = 2147483647;
			files = (
				D27E9BD92CFABB1900B621F5 /* LaunchScreen.storyboard in Resources */,
				D27E9BD62CFABB1900B621F5 /* Assets.xcassets in Resources */,
				D27E9BD42CFABB1800B621F5 /* Main.storyboard in Resources */,
			);
			runOnlyForDeploymentPostprocessing = 0;
		};
/* End PBXResourcesBuildPhase section */

/* Begin PBXSourcesBuildPhase section */
		D27E9BC52CFABB1800B621F5 /* Sources */ = {
			isa = PBXSourcesBuildPhase;
			buildActionMask = 2147483647;
			files = (
				D27E9BFF2CFABE3400B621F5 /* WishPromtViewModel.swift in Sources */,
				D27E9C032CFABEB800B621F5 /* SceneCoordinatorType.swift in Sources */,
				D2077CEE2CFC9E460049152A /* WishMessageCreationTableViewCell.swift in Sources */,
				D27E9BFD2CFABE1400B621F5 /* Scene.swift in Sources */,
				D2077CE62CFC15460049152A /* WishMessageComponentsTableViewCell.swift in Sources */,
				D2077CF62CFCBEBF0049152A /* IdeaDisplayView.swift in Sources */,
				D27E9C072CFABF1C00B621F5 /* Scene+ViewController.swift in Sources */,
				D27E9C052CFABEF300B621F5 /* SceneCoordinator.swift in Sources */,
				D2077CE32CFAD4E10049152A /* WishPromtNavigationLeftView.swift in Sources */,
				D27E9BD12CFABB1800B621F5 /* HomeViewController.swift in Sources */,
				D2077CEC2CFC5C670049152A /* LiteraryTypeSegmentControl.swift in Sources */,
				D27E9BCD2CFABB1800B621F5 /* AppDelegate.swift in Sources */,
				D27E9C0F2CFAC1B300B621F5 /* ReusableView.swift in Sources */,
				D27E9C0D2CFAC0F500B621F5 /* HomeViewModel.swift in Sources */,
				D27E9BCF2CFABB1800B621F5 /* SceneDelegate.swift in Sources */,
				D27E9C012CFABE9000B621F5 /* SceneTransitionType.swift in Sources */,
				D27E9C0B2CFABF7A00B621F5 /* BindableType.swift in Sources */,
				D2077CEA2CFC59810049152A /* WishMessageLiteraryTypeTableViewCell.swift in Sources */,
				D27E9C092CFABF6400B621F5 /* WishPromptViewController.swift in Sources */,
				D2077CE82CFC1D090049152A /* WishMessageIdeaDisplayTableViewCell.swift in Sources */,
				D2077CF22CFCBCEF0049152A /* IdeaSampleView.swift in Sources */,
			);
			runOnlyForDeploymentPostprocessing = 0;
		};
/* End PBXSourcesBuildPhase section */

/* Begin PBXVariantGroup section */
		D27E9BD22CFABB1800B621F5 /* Main.storyboard */ = {
			isa = PBXVariantGroup;
			children = (
				D27E9BD32CFABB1800B621F5 /* Base */,
			);
			name = Main.storyboard;
			sourceTree = "<group>";
		};
		D27E9BD72CFABB1900B621F5 /* LaunchScreen.storyboard */ = {
			isa = PBXVariantGroup;
			children = (
				D27E9BD82CFABB1900B621F5 /* Base */,
			);
			name = LaunchScreen.storyboard;
			sourceTree = "<group>";
		};
/* End PBXVariantGroup section */

/* Begin XCBuildConfiguration section */
		D27E9BDB2CFABB1900B621F5 /* Debug */ = {
			isa = XCBuildConfiguration;
			buildSettings = {
				ALWAYS_SEARCH_USER_PATHS = NO;
				ASSETCATALOG_COMPILER_GENERATE_SWIFT_ASSET_SYMBOL_EXTENSIONS = YES;
				CLANG_ANALYZER_NONNULL = YES;
				CLANG_ANALYZER_NUMBER_OBJECT_CONVERSION = YES_AGGRESSIVE;
				CLANG_CXX_LANGUAGE_STANDARD = "gnu++20";
				CLANG_ENABLE_MODULES = YES;
				CLANG_ENABLE_OBJC_ARC = YES;
				CLANG_ENABLE_OBJC_WEAK = YES;
				CLANG_WARN_BLOCK_CAPTURE_AUTORELEASING = YES;
				CLANG_WARN_BOOL_CONVERSION = YES;
				CLANG_WARN_COMMA = YES;
				CLANG_WARN_CONSTANT_CONVERSION = YES;
				CLANG_WARN_DEPRECATED_OBJC_IMPLEMENTATIONS = YES;
				CLANG_WARN_DIRECT_OBJC_ISA_USAGE = YES_ERROR;
				CLANG_WARN_DOCUMENTATION_COMMENTS = YES;
				CLANG_WARN_EMPTY_BODY = YES;
				CLANG_WARN_ENUM_CONVERSION = YES;
				CLANG_WARN_INFINITE_RECURSION = YES;
				CLANG_WARN_INT_CONVERSION = YES;
				CLANG_WARN_NON_LITERAL_NULL_CONVERSION = YES;
				CLANG_WARN_OBJC_IMPLICIT_RETAIN_SELF = YES;
				CLANG_WARN_OBJC_LITERAL_CONVERSION = YES;
				CLANG_WARN_OBJC_ROOT_CLASS = YES_ERROR;
				CLANG_WARN_QUOTED_INCLUDE_IN_FRAMEWORK_HEADER = YES;
				CLANG_WARN_RANGE_LOOP_ANALYSIS = YES;
				CLANG_WARN_STRICT_PROTOTYPES = YES;
				CLANG_WARN_SUSPICIOUS_MOVE = YES;
				CLANG_WARN_UNGUARDED_AVAILABILITY = YES_AGGRESSIVE;
				CLANG_WARN_UNREACHABLE_CODE = YES;
				CLANG_WARN__DUPLICATE_METHOD_MATCH = YES;
				COPY_PHASE_STRIP = NO;
				DEBUG_INFORMATION_FORMAT = dwarf;
				ENABLE_STRICT_OBJC_MSGSEND = YES;
				ENABLE_TESTABILITY = YES;
				ENABLE_USER_SCRIPT_SANDBOXING = YES;
				GCC_C_LANGUAGE_STANDARD = gnu17;
				GCC_DYNAMIC_NO_PIC = NO;
				GCC_NO_COMMON_BLOCKS = YES;
				GCC_OPTIMIZATION_LEVEL = 0;
				GCC_PREPROCESSOR_DEFINITIONS = (
					"DEBUG=1",
					"$(inherited)",
				);
				GCC_WARN_64_TO_32_BIT_CONVERSION = YES;
				GCC_WARN_ABOUT_RETURN_TYPE = YES_ERROR;
				GCC_WARN_UNDECLARED_SELECTOR = YES;
				GCC_WARN_UNINITIALIZED_AUTOS = YES_AGGRESSIVE;
				GCC_WARN_UNUSED_FUNCTION = YES;
				GCC_WARN_UNUSED_VARIABLE = YES;
				IPHONEOS_DEPLOYMENT_TARGET = 17.2;
				LOCALIZATION_PREFERS_STRING_CATALOGS = YES;
				MTL_ENABLE_DEBUG_INFO = INCLUDE_SOURCE;
				MTL_FAST_MATH = YES;
				ONLY_ACTIVE_ARCH = YES;
				SDKROOT = iphoneos;
				SWIFT_ACTIVE_COMPILATION_CONDITIONS = "DEBUG $(inherited)";
				SWIFT_OPTIMIZATION_LEVEL = "-Onone";
			};
			name = Debug;
		};
		D27E9BDC2CFABB1900B621F5 /* Release */ = {
			isa = XCBuildConfiguration;
			buildSettings = {
				ALWAYS_SEARCH_USER_PATHS = NO;
				ASSETCATALOG_COMPILER_GENERATE_SWIFT_ASSET_SYMBOL_EXTENSIONS = YES;
				CLANG_ANALYZER_NONNULL = YES;
				CLANG_ANALYZER_NUMBER_OBJECT_CONVERSION = YES_AGGRESSIVE;
				CLANG_CXX_LANGUAGE_STANDARD = "gnu++20";
				CLANG_ENABLE_MODULES = YES;
				CLANG_ENABLE_OBJC_ARC = YES;
				CLANG_ENABLE_OBJC_WEAK = YES;
				CLANG_WARN_BLOCK_CAPTURE_AUTORELEASING = YES;
				CLANG_WARN_BOOL_CONVERSION = YES;
				CLANG_WARN_COMMA = YES;
				CLANG_WARN_CONSTANT_CONVERSION = YES;
				CLANG_WARN_DEPRECATED_OBJC_IMPLEMENTATIONS = YES;
				CLANG_WARN_DIRECT_OBJC_ISA_USAGE = YES_ERROR;
				CLANG_WARN_DOCUMENTATION_COMMENTS = YES;
				CLANG_WARN_EMPTY_BODY = YES;
				CLANG_WARN_ENUM_CONVERSION = YES;
				CLANG_WARN_INFINITE_RECURSION = YES;
				CLANG_WARN_INT_CONVERSION = YES;
				CLANG_WARN_NON_LITERAL_NULL_CONVERSION = YES;
				CLANG_WARN_OBJC_IMPLICIT_RETAIN_SELF = YES;
				CLANG_WARN_OBJC_LITERAL_CONVERSION = YES;
				CLANG_WARN_OBJC_ROOT_CLASS = YES_ERROR;
				CLANG_WARN_QUOTED_INCLUDE_IN_FRAMEWORK_HEADER = YES;
				CLANG_WARN_RANGE_LOOP_ANALYSIS = YES;
				CLANG_WARN_STRICT_PROTOTYPES = YES;
				CLANG_WARN_SUSPICIOUS_MOVE = YES;
				CLANG_WARN_UNGUARDED_AVAILABILITY = YES_AGGRESSIVE;
				CLANG_WARN_UNREACHABLE_CODE = YES;
				CLANG_WARN__DUPLICATE_METHOD_MATCH = YES;
				COPY_PHASE_STRIP = NO;
				DEBUG_INFORMATION_FORMAT = "dwarf-with-dsym";
				ENABLE_NS_ASSERTIONS = NO;
				ENABLE_STRICT_OBJC_MSGSEND = YES;
				ENABLE_USER_SCRIPT_SANDBOXING = YES;
				GCC_C_LANGUAGE_STANDARD = gnu17;
				GCC_NO_COMMON_BLOCKS = YES;
				GCC_WARN_64_TO_32_BIT_CONVERSION = YES;
				GCC_WARN_ABOUT_RETURN_TYPE = YES_ERROR;
				GCC_WARN_UNDECLARED_SELECTOR = YES;
				GCC_WARN_UNINITIALIZED_AUTOS = YES_AGGRESSIVE;
				GCC_WARN_UNUSED_FUNCTION = YES;
				GCC_WARN_UNUSED_VARIABLE = YES;
				IPHONEOS_DEPLOYMENT_TARGET = 17.2;
				LOCALIZATION_PREFERS_STRING_CATALOGS = YES;
				MTL_ENABLE_DEBUG_INFO = NO;
				MTL_FAST_MATH = YES;
				SDKROOT = iphoneos;
				SWIFT_COMPILATION_MODE = wholemodule;
				VALIDATE_PRODUCT = YES;
			};
			name = Release;
		};
		D27E9BDE2CFABB1900B621F5 /* Debug */ = {
			isa = XCBuildConfiguration;
			buildSettings = {
				ASSETCATALOG_COMPILER_APPICON_NAME = AppIcon;
				ASSETCATALOG_COMPILER_GLOBAL_ACCENT_COLOR_NAME = AccentColor;
				CODE_SIGN_STYLE = Automatic;
				CURRENT_PROJECT_VERSION = 1;
				DEVELOPMENT_TEAM = U83K4L583M;
				GENERATE_INFOPLIST_FILE = YES;
				INFOPLIST_FILE = lixi_2025/Info.plist;
				INFOPLIST_KEY_UIApplicationSupportsIndirectInputEvents = YES;
				INFOPLIST_KEY_UILaunchStoryboardName = LaunchScreen;
				INFOPLIST_KEY_UIMainStoryboardFile = Main;
				INFOPLIST_KEY_UISupportedInterfaceOrientations_iPad = "UIInterfaceOrientationPortrait UIInterfaceOrientationPortraitUpsideDown UIInterfaceOrientationLandscapeLeft UIInterfaceOrientationLandscapeRight";
				INFOPLIST_KEY_UISupportedInterfaceOrientations_iPhone = "UIInterfaceOrientationPortrait UIInterfaceOrientationLandscapeLeft UIInterfaceOrientationLandscapeRight";
				LD_RUNPATH_SEARCH_PATHS = (
					"$(inherited)",
					"@executable_path/Frameworks",
				);
				MARKETING_VERSION = 1.0;
				PRODUCT_BUNDLE_IDENTIFIER = "com.anhle.lixi-2025";
				PRODUCT_NAME = "$(TARGET_NAME)";
				SWIFT_EMIT_LOC_STRINGS = YES;
				SWIFT_VERSION = 5.0;
				TARGETED_DEVICE_FAMILY = "1,2";
			};
			name = Debug;
		};
		D27E9BDF2CFABB1900B621F5 /* Release */ = {
			isa = XCBuildConfiguration;
			buildSettings = {
				ASSETCATALOG_COMPILER_APPICON_NAME = AppIcon;
				ASSETCATALOG_COMPILER_GLOBAL_ACCENT_COLOR_NAME = AccentColor;
				CODE_SIGN_STYLE = Automatic;
				CURRENT_PROJECT_VERSION = 1;
				DEVELOPMENT_TEAM = U83K4L583M;
				GENERATE_INFOPLIST_FILE = YES;
				INFOPLIST_FILE = lixi_2025/Info.plist;
				INFOPLIST_KEY_UIApplicationSupportsIndirectInputEvents = YES;
				INFOPLIST_KEY_UILaunchStoryboardName = LaunchScreen;
				INFOPLIST_KEY_UIMainStoryboardFile = Main;
				INFOPLIST_KEY_UISupportedInterfaceOrientations_iPad = "UIInterfaceOrientationPortrait UIInterfaceOrientationPortraitUpsideDown UIInterfaceOrientationLandscapeLeft UIInterfaceOrientationLandscapeRight";
				INFOPLIST_KEY_UISupportedInterfaceOrientations_iPhone = "UIInterfaceOrientationPortrait UIInterfaceOrientationLandscapeLeft UIInterfaceOrientationLandscapeRight";
				LD_RUNPATH_SEARCH_PATHS = (
					"$(inherited)",
					"@executable_path/Frameworks",
				);
				MARKETING_VERSION = 1.0;
				PRODUCT_BUNDLE_IDENTIFIER = "com.anhle.lixi-2025";
				PRODUCT_NAME = "$(TARGET_NAME)";
				SWIFT_EMIT_LOC_STRINGS = YES;
				SWIFT_VERSION = 5.0;
				TARGETED_DEVICE_FAMILY = "1,2";
			};
			name = Release;
		};
/* End XCBuildConfiguration section */

/* Begin XCConfigurationList section */
		D27E9BC42CFABB1800B621F5 /* Build configuration list for PBXProject "lixi_2025" */ = {
			isa = XCConfigurationList;
			buildConfigurations = (
				D27E9BDB2CFABB1900B621F5 /* Debug */,
				D27E9BDC2CFABB1900B621F5 /* Release */,
			);
			defaultConfigurationIsVisible = 0;
			defaultConfigurationName = Release;
		};
		D27E9BDD2CFABB1900B621F5 /* Build configuration list for PBXNativeTarget "lixi_2025" */ = {
			isa = XCConfigurationList;
			buildConfigurations = (
				D27E9BDE2CFABB1900B621F5 /* Debug */,
				D27E9BDF2CFABB1900B621F5 /* Release */,
			);
			defaultConfigurationIsVisible = 0;
			defaultConfigurationName = Release;
		};
/* End XCConfigurationList section */

/* Begin XCRemoteSwiftPackageReference section */
		D27E9BE02CFABBC000B621F5 /* XCRemoteSwiftPackageReference "RxSwift" */ = {
			isa = XCRemoteSwiftPackageReference;
			repositoryURL = "https://github.com/ReactiveX/RxSwift.git";
			requirement = {
				kind = upToNextMajorVersion;
				minimumVersion = 6.8.0;
			};
		};
/* End XCRemoteSwiftPackageReference section */

/* Begin XCSwiftPackageProductDependency section */
		D27E9BE12CFABBC000B621F5 /* RxBlocking */ = {
			isa = XCSwiftPackageProductDependency;
			package = D27E9BE02CFABBC000B621F5 /* XCRemoteSwiftPackageReference "RxSwift" */;
			productName = RxBlocking;
		};
		D27E9BE32CFABBC000B621F5 /* RxBlocking-Dynamic */ = {
			isa = XCSwiftPackageProductDependency;
			package = D27E9BE02CFABBC000B621F5 /* XCRemoteSwiftPackageReference "RxSwift" */;
			productName = "RxBlocking-Dynamic";
		};
		D27E9BE52CFABBC000B621F5 /* RxCocoa */ = {
			isa = XCSwiftPackageProductDependency;
			package = D27E9BE02CFABBC000B621F5 /* XCRemoteSwiftPackageReference "RxSwift" */;
			productName = RxCocoa;
		};
		D27E9BE72CFABBC000B621F5 /* RxCocoa-Dynamic */ = {
			isa = XCSwiftPackageProductDependency;
			package = D27E9BE02CFABBC000B621F5 /* XCRemoteSwiftPackageReference "RxSwift" */;
			productName = "RxCocoa-Dynamic";
		};
		D27E9BE92CFABBC000B621F5 /* RxRelay */ = {
			isa = XCSwiftPackageProductDependency;
			package = D27E9BE02CFABBC000B621F5 /* XCRemoteSwiftPackageReference "RxSwift" */;
			productName = RxRelay;
		};
		D27E9BEB2CFABBC000B621F5 /* RxRelay-Dynamic */ = {
			isa = XCSwiftPackageProductDependency;
			package = D27E9BE02CFABBC000B621F5 /* XCRemoteSwiftPackageReference "RxSwift" */;
			productName = "RxRelay-Dynamic";
		};
		D27E9BED2CFABBC000B621F5 /* RxSwift */ = {
			isa = XCSwiftPackageProductDependency;
			package = D27E9BE02CFABBC000B621F5 /* XCRemoteSwiftPackageReference "RxSwift" */;
			productName = RxSwift;
		};
		D27E9BEF2CFABBC000B621F5 /* RxSwift-Dynamic */ = {
			isa = XCSwiftPackageProductDependency;
			package = D27E9BE02CFABBC000B621F5 /* XCRemoteSwiftPackageReference "RxSwift" */;
			productName = "RxSwift-Dynamic";
		};
/* End XCSwiftPackageProductDependency section */
	};
	rootObject = D27E9BC12CFABB1800B621F5 /* Project object */;
}
